{
  "name": "asg5",
  "lockfileVersion": 2,
  "requires": true,
  "packages": {
    "": {
      "dependencies": {
        "lil-gui": "^0.17.0",
        "postprocessing": "^6.29.3",
        "three": "^0.146.0"
      }
    },
    "node_modules/lil-gui": {
      "version": "0.17.0",
      "resolved": "https://registry.npmjs.org/lil-gui/-/lil-gui-0.17.0.tgz",
      "integrity": "sha512-MVBHmgY+uEbmJNApAaPbtvNh1RCAeMnKym82SBjtp5rODTYKWtM+MXHCifLe2H2Ti1HuBGBtK/5SyG4ShQ3pUQ=="
    },
    "node_modules/postprocessing": {
      "version": "6.29.3",
      "resolved": "https://registry.npmjs.org/postprocessing/-/postprocessing-6.29.3.tgz",
      "integrity": "sha512-gxXC6LKLRwI4eSySdmxqEfQBMKEdQtxg5aYrdvJ/tPHDOS4aZAb/bY4ulQnL5YGKqCC6SmgNmU4dNIc68TTVMw==",
      "engines": {
        "node": ">= 0.13.2"
      },
      "peerDependencies": {
        "three": ">= 0.125.0 < 0.149.0"
      }
    },
    "node_modules/three": {
      "version": "0.146.0",
      "resolved": "https://registry.npmjs.org/three/-/three-0.146.0.tgz",
      "integrity": "sha512-1lvNfLezN6OJ9NaFAhfX4sm5e9YCzHtaRgZ1+B4C+Hv6TibRMsuBAM5/wVKzxjpYIlMymvgsHEFrrigEfXnb2A=="
    }
  },
  "dependencies": {
    "lil-gui": {
      "version": "0.17.0",
      "resolved": "https://registry.npmjs.org/lil-gui/-/lil-gui-0.17.0.tgz",
      "integrity": "sha512-MVBHmgY+uEbmJNApAaPbtvNh1RCAeMnKym82SBjtp5rODTYKWtM+MXHCifLe2H2Ti1HuBGBtK/5SyG4ShQ3pUQ=="
    },
    "postprocessing": {
      "version": "6.29.3",
      "resolved": "https://registry.npmjs.org/postprocessing/-/postprocessing-6.29.3.tgz",
      "integrity": "sha512-gxXC6LKLRwI4eSySdmxqEfQBMKEdQtxg5aYrdvJ/tPHDOS4aZAb/bY4ulQnL5YGKqCC6SmgNmU4dNIc68TTVMw==",
      "requires": {}
    },
    "three": {
      "version": "0.146.0",
      "resolved": "https://registry.npmjs.org/three/-/three-0.146.0.tgz",
      "integrity": "sha512-1lvNfLezN6OJ9NaFAhfX4sm5e9YCzHtaRgZ1+B4C+Hv6TibRMsuBAM5/wVKzxjpYIlMymvgsHEFrrigEfXnb2A=="
    }
  }
}
